# This file is automatically @generated by Cargo.
# It is not intended for manual editing.
version = 4

[[package]]
name = "fr-core"
version = "0.1.0"

[[package]]
name = "fr-media"
version = "0.1.0"
dependencies = [
 "fr-core",
 "fr-wire",
]

[[package]]
name = "fr-native"
version = "0.1.0"
dependencies = [
 "fr-core",
 "fr-media",
 "fr-wire",
]

[[package]]
name = "fr-wire"
version = "0.1.0"
dependencies = [
 "fr-core",
]
