name: Verify session-owned clock
on:
  workflow_dispatch:
  push:
    branches: [main]
    paths: ['.github/workflows/verify-session-clock.yml']
permissions:
  contents: write
env:
  CARGO_BUILD_JOBS: '1'
  CARGO_PROFILE_DEV_DEBUG: '0'
  CARGO_PROFILE_TEST_DEBUG: '0'
  CARGO_INCREMENTAL: '0'
  RUST_TEST_THREADS: '4'
jobs:
  clock:
    runs-on: ubuntu-latest
    timeout-minutes: 30
    steps:
      - uses: actions/checkout@b4ffde65f46336ab88eb53be808477a3936bae11
        with:
          persist-credentials: false
      - name: Stage exact checked source without reference writes
        env:
          GH_TOKEN: ${{ github.token }}
        run: |
          python3 - <<'PY'
          import base64, hashlib, json, lzma, os, subprocess
          from pathlib import Path
          def blob(data): return hashlib.sha1(f'blob {len(data)}\0'.encode()+data).hexdigest()
          oid='7739b3fc0ea03ca39246d432e6104b9b715af25e'
          row=json.loads(subprocess.check_output(['gh','api',f'repos/{os.environ["GITHUB_REPOSITORY"]}/git/blobs/{oid}'],timeout=30))
          encoded=base64.b64decode(row['content'])
          assert len(encoded)==10316 and blob(encoded)==oid
          dec=lzma.LZMADecompressor()
          data=dec.decompress(base64.b64decode(encoded,validate=True),max_length=33307)
          assert dec.eof and not dec.unused_data and len(data)==33306
          assert hashlib.sha256(data).hexdigest()=='c1b2771f068a6ad674adaa39345dddf18c16103e1ff167dfdb27a4dde995938a'
          c=json.loads(data)
          assert c['base']=='fc6c5cf524b7138e47bc4c054176eabbef7bd8eb'
          assert len(c['after'])==9 and set(c['before'])==set(c['after'])
          current={}
          for path in c['before']:
              assert path.startswith('crates/frd/src/') and path.endswith('.rs') and '..' not in Path(path).parts
              current[path]=blob(Path(path).read_bytes()) if Path(path).is_file() else None
          if current!=c['after']:
              assert current==c['before'], 'concurrent source changes require reconciliation'
              patch=Path(os.environ['RUNNER_TEMP'],'session-clock.patch')
              patch.write_text(c['patch'])
              stats=subprocess.check_output(['git','apply','--numstat',str(patch)],text=True)
              assert {line.split('\t',2)[2] for line in stats.splitlines()}==set(c['after'])
              subprocess.run(['git','apply','--check',str(patch)],check=True)
              subprocess.run(['git','apply',str(patch)],check=True)
          for path, expected in c['after'].items(): assert blob(Path(path).read_bytes())==expected, path
          Path(os.environ['RUNNER_TEMP'],'session-clock-paths.json').write_text(json.dumps(c['after']))
          subprocess.run(['git','diff','--check'],check=True)
          PY
      - name: Select pinned compiler and native SDKs
        run: |
          rustup show active-toolchain
          sudo apt-get update
          sudo apt-get install -y libavcodec-dev libavutil-dev libswscale-dev libx11-dev libxrandr-dev libxtst6 pkg-config xvfb xauth openssl
      - name: Verify complete candidate workspace
        run: |
          ./scripts/verify.sh fast
          ./scripts/verify.sh docs
      - name: Repeat session and control-handoff clock regressions
        run: |
          cargo test -p frd --lib session_clock --locked -- --test-threads=1
          cargo test -p frd --lib session_clock --locked -- --test-threads=8
          cargo test -p frd --test clock_sync --locked -- --test-threads=4
      - name: Retain verified source objects without reference writes
        env:
          GH_TOKEN: ${{ github.token }}
        run: |
          python3 - <<'PY'
          import base64, hashlib, json, os, subprocess
          from pathlib import Path
          manifest=Path(os.environ['RUNNER_TEMP'],'session-clock-paths.json')
          for path, expected in json.loads(manifest.read_text()).items():
              data=Path(path).read_bytes()
              assert hashlib.sha1(f'blob {len(data)}\0'.encode()+data).hexdigest()==expected
              body=json.dumps({'encoding':'base64','content':base64.b64encode(data).decode()})
              row=json.loads(subprocess.check_output(['gh','api','--method','POST',f'repos/{os.environ["GITHUB_REPOSITORY"]}/git/blobs','--input','-'],input=body,text=True,timeout=30))
              assert row['sha']==expected
              print(json.dumps({'path':path,'sha':expected,'verified_checkout':os.environ['GITHUB_SHA']}))
          PY
